
Microsoft Visual Studio Solution File, Format Version 12.00
# Visual Studio 15
VisualStudioVersion = 15.0.27703.2035
MinimumVisualStudioVersion = 10.0.40219.1
Project("{FAE04EC0-301F-11D3-BF4B-00C04F79EFBC}") = "PlaystationStore", "PlaystationStore\PlaystationStore.csproj", "{9FF0B6E0-E7F6-4E28-9BB3-43B76500774D}"
EndProject
Global
	GlobalSection(SolutionConfigurationPlatforms) = preSolution
		Debug|Any CPU = Debug|Any CPU
		Release|Any CPU = Release|Any CPU
	EndGlobalSection
	GlobalSection(ProjectConfigurationPlatforms) = postSolution
		{9FF0B6E0-E7F6-4E28-9BB3-43B76500774D}.Debug|Any CPU.ActiveCfg = Debug|Any CPU
		{9FF0B6E0-E7F6-4E28-9BB3-43B76500774D}.Debug|Any CPU.Build.0 = Debug|Any CPU
		{9FF0B6E0-E7F6-4E28-9BB3-43B76500774D}.Release|Any CPU.ActiveCfg = Release|Any CPU
		{9FF0B6E0-E7F6-4E28-9BB3-43B76500774D}.Release|Any CPU.Build.0 = Release|Any CPU
	EndGlobalSection
	GlobalSection(SolutionProperties) = preSolution
		HideSolutionNode = FALSE
	EndGlobalSection
	GlobalSection(ExtensibilityGlobals) = postSolution
		SolutionGuid = {0515630D-E90C-43D5-9342-48E06927C733}
	EndGlobalSection
EndGlobal
